
Microsoft Visual Studio Solution File, Format Version 12.00
# Visual Studio Version 16
VisualStudioVersion = 16.0.31624.102
MinimumVisualStudioVersion = 10.0.40219.1
Project("{FAE04EC0-301F-11D3-BF4B-00C04F79EFBC}") = "LyricsAPI", "LyricsAPI\LyricsAPI.csproj", "{314F26B6-E868-4477-921F-B398B4EE6DBB}"
EndProject
Global
	GlobalSection(SolutionConfigurationPlatforms) = preSolution
		Debug|Any CPU = Debug|Any CPU
		Release|Any CPU = Release|Any CPU
	EndGlobalSection
	GlobalSection(ProjectConfigurationPlatforms) = postSolution
		{314F26B6-E868-4477-921F-B398B4EE6DBB}.Debug|Any CPU.ActiveCfg = Debug|Any CPU
		{314F26B6-E868-4477-921F-B398B4EE6DBB}.Debug|Any CPU.Build.0 = Debug|Any CPU
		{314F26B6-E868-4477-921F-B398B4EE6DBB}.Release|Any CPU.ActiveCfg = Release|Any CPU
		{314F26B6-E868-4477-921F-B398B4EE6DBB}.Release|Any CPU.Build.0 = Release|Any CPU
	EndGlobalSection
	GlobalSection(SolutionProperties) = preSolution
		HideSolutionNode = FALSE
	EndGlobalSection
	GlobalSection(ExtensibilityGlobals) = postSolution
		SolutionGuid = {A6516999-966D-455A-8C6A-BA46D444767B}
	EndGlobalSection
EndGlobal
